
Microsoft Visual Studio Solution File, Format Version 12.00
# Visual Studio Version 17
VisualStudioVersion = 17.4.33122.133
MinimumVisualStudioVersion = 10.0.40219.1
Project("{9A19103F-16F7-4668-BE54-9A1E7A4F7556}") = "AD-exam-Console", "AD-exam-Console\AD-exam-Console.csproj", "{DDF0B153-A5DD-485C-98DF-FF4C21EC79FE}"
EndProject
Project("{FAE04EC0-301F-11D3-BF4B-00C04F79EFBC}") = "AD-exam.Domain", "AD-exam.Domain\AD-exam.Domain.csproj", "{EA869896-FE9A-424F-9DCC-7EEEF564256D}"
EndProject
Project("{FAE04EC0-301F-11D3-BF4B-00C04F79EFBC}") = "AD-exam.Infrastructure", "AD-exam.Infrastructure\AD-exam.Infrastructure.csproj", "{5D680CFD-366E-4438-85ED-C5D1E35B99C8}"
EndProject
Global
	GlobalSection(SolutionConfigurationPlatforms) = preSolution
		Debug|Any CPU = Debug|Any CPU
		Release|Any CPU = Release|Any CPU
	EndGlobalSection
	GlobalSection(ProjectConfigurationPlatforms) = postSolution
		{DDF0B153-A5DD-485C-98DF-FF4C21EC79FE}.Debug|Any CPU.ActiveCfg = Debug|Any CPU
		{DDF0B153-A5DD-485C-98DF-FF4C21EC79FE}.Debug|Any CPU.Build.0 = Debug|Any CPU
		{DDF0B153-A5DD-485C-98DF-FF4C21EC79FE}.Release|Any CPU.ActiveCfg = Release|Any CPU
		{DDF0B153-A5DD-485C-98DF-FF4C21EC79FE}.Release|Any CPU.Build.0 = Release|Any CPU
		{EA869896-FE9A-424F-9DCC-7EEEF564256D}.Debug|Any CPU.ActiveCfg = Debug|Any CPU
		{EA869896-FE9A-424F-9DCC-7EEEF564256D}.Debug|Any CPU.Build.0 = Debug|Any CPU
		{EA869896-FE9A-424F-9DCC-7EEEF564256D}.Release|Any CPU.ActiveCfg = Release|Any CPU
		{EA869896-FE9A-424F-9DCC-7EEEF564256D}.Release|Any CPU.Build.0 = Release|Any CPU
		{5D680CFD-366E-4438-85ED-C5D1E35B99C8}.Debug|Any CPU.ActiveCfg = Debug|Any CPU
		{5D680CFD-366E-4438-85ED-C5D1E35B99C8}.Debug|Any CPU.Build.0 = Debug|Any CPU
		{5D680CFD-366E-4438-85ED-C5D1E35B99C8}.Release|Any CPU.ActiveCfg = Release|Any CPU
		{5D680CFD-366E-4438-85ED-C5D1E35B99C8}.Release|Any CPU.Build.0 = Release|Any CPU
	EndGlobalSection
	GlobalSection(SolutionProperties) = preSolution
		HideSolutionNode = FALSE
	EndGlobalSection
	GlobalSection(ExtensibilityGlobals) = postSolution
		SolutionGuid = {B444D3A5-1609-4B09-99CF-FB2436E2EC90}
	EndGlobalSection
EndGlobal
